
Microsoft Visual Studio Solution File, Format Version 12.00
# Visual Studio 2013
VisualStudioVersion = 12.0.21005.1
MinimumVisualStudioVersion = 10.0.40219.1
Project("{2150E333-8FDC-42A3-9474-1A3956D46DE8}") = "structural pattern", "structural pattern", "{DB1BE86A-ACAB-4DF6-9BF0-CAFB2F8F413E}"
EndProject
Project("{2150E333-8FDC-42A3-9474-1A3956D46DE8}") = "behavioral pattern", "behavioral pattern", "{3BBC942E-2909-4C41-B8B2-D09CFDF47CC6}"
EndProject
Project("{2150E333-8FDC-42A3-9474-1A3956D46DE8}") = "creational pattern", "creational pattern", "{B9171FE0-3CAA-47C5-901C-074D0B7BCA22}"
EndProject
Project("{8BC9CEB8-8B4A-11D0-8D11-00A0C91BC942}") = "design_adapter", "structural pattern\design_adapter\design_adapter.vcxproj", "{39FA3A71-5EBC-4492-A438-C0F9AFF7100B}"
EndProject
Project("{8BC9CEB8-8B4A-11D0-8D11-00A0C91BC942}") = "design_bridge", "structural pattern\design_bridge\design_bridge.vcxproj", "{EC52550D-8FDE-4A45-9AE0-E43E5DB1840F}"
EndProject
Project("{8BC9CEB8-8B4A-11D0-8D11-00A0C91BC942}") = "design_composite", "structural pattern\design_composite\design_composite.vcxproj", "{9A24BC14-2F53-46AA-8783-ADD8CB7A9A12}"
EndProject
Project("{8BC9CEB8-8B4A-11D0-8D11-00A0C91BC942}") = "design_decorator", "structural pattern\design_decorator\design_decorator.vcxproj", "{1A3C28CD-8355-4124-B00D-22CC7F413DFA}"
EndProject
Project("{8BC9CEB8-8B4A-11D0-8D11-00A0C91BC942}") = "design_facade", "structural pattern\design_facade\design_facade.vcxproj", "{07D71B32-BA80-4729-A4C7-4466436646C2}"
EndProject
Project("{8BC9CEB8-8B4A-11D0-8D11-00A0C91BC942}") = "design_flyweight", "structural pattern\design_flyweight\design_flyweight.vcxproj", "{067E0BB8-CFF5-4973-BD57-FC788E2DFA13}"
EndProject
Project("{8BC9CEB8-8B4A-11D0-8D11-00A0C91BC942}") = "design_proxy", "structural pattern\design_proxy\design_proxy.vcxproj", "{3ADF9BEE-3210-4EC8-AB87-A176F2743489}"
EndProject
Project("{8BC9CEB8-8B4A-11D0-8D11-00A0C91BC942}") = "design_abstract_factory", "creational pattern\design_abstract_factory\design_abstract_factory.vcxproj", "{D6B9C593-535E-4665-8766-98C385DF81A5}"
EndProject
Project("{8BC9CEB8-8B4A-11D0-8D11-00A0C91BC942}") = "design_builder", "creational pattern\design_builder\design_builder.vcxproj", "{D2DF2654-C233-4EC6-BF79-8083E1C8F762}"
EndProject
Project("{8BC9CEB8-8B4A-11D0-8D11-00A0C91BC942}") = "design_factory_method", "creational pattern\design_factory_method\design_factory_method.vcxproj", "{8F38A342-D27B-4A6F-88F5-CA33A5A088B3}"
EndProject
Project("{8BC9CEB8-8B4A-11D0-8D11-00A0C91BC942}") = "design_prototype", "creational pattern\design_prototype\design_prototype.vcxproj", "{2A9039DE-DE93-4C35-9F57-C88BC7841BFB}"
EndProject
Project("{8BC9CEB8-8B4A-11D0-8D11-00A0C91BC942}") = "design_simple_factory", "creational pattern\design_simple_factory\design_simple_factory.vcxproj", "{2362193A-B040-4DEF-94DE-5707F8BCCA32}"
EndProject
Project("{8BC9CEB8-8B4A-11D0-8D11-00A0C91BC942}") = "design_singleton", "creational pattern\design_singleton\design_singleton.vcxproj", "{DEC0C519-B076-44AD-84AB-727B6ED1DA74}"
EndProject
Project("{8BC9CEB8-8B4A-11D0-8D11-00A0C91BC942}") = "design_command", "behavioral pattern\design_command\design_command.vcxproj", "{E0FCB86B-1E88-4B11-8E95-216C8CDC3278}"
EndProject
Project("{8BC9CEB8-8B4A-11D0-8D11-00A0C91BC942}") = "design_interpreter", "behavioral pattern\design_interpreter\design_interpreter.vcxproj", "{5898ECCC-8ED4-41C8-8322-86DD77B1B094}"
EndProject
Project("{8BC9CEB8-8B4A-11D0-8D11-00A0C91BC942}") = "design_iterator", "behavioral pattern\design_iterator\design_iterator.vcxproj", "{54B1B1C9-BBE2-43C2-A9AE-466D082A6E3A}"
EndProject
Project("{8BC9CEB8-8B4A-11D0-8D11-00A0C91BC942}") = "design_mediator", "behavioral pattern\design_mediator\design_mediator.vcxproj", "{D2E59105-26C2-4310-904E-8D12FBB3626C}"
EndProject
Project("{8BC9CEB8-8B4A-11D0-8D11-00A0C91BC942}") = "design_memento", "behavioral pattern\design_memento\design_memento.vcxproj", "{6365017B-112F-43AC-A829-31E9403A7189}"
EndProject
Project("{8BC9CEB8-8B4A-11D0-8D11-00A0C91BC942}") = "design_observer", "behavioral pattern\design_observer\design_observer.vcxproj", "{D209DAE1-0D3F-41CF-975C-D5C422FD3FDB}"
EndProject
Project("{8BC9CEB8-8B4A-11D0-8D11-00A0C91BC942}") = "design_responsibility_chain", "behavioral pattern\design_responsibility_chain\design_responsibility_chain.vcxproj", "{4D0F1017-3BC9-4B79-A994-25F5D0269B1A}"
EndProject
Project("{8BC9CEB8-8B4A-11D0-8D11-00A0C91BC942}") = "design_state", "behavioral pattern\design_state\design_state.vcxproj", "{724F4242-7F26-4D93-94D6-5D806EAF038A}"
EndProject
Project("{8BC9CEB8-8B4A-11D0-8D11-00A0C91BC942}") = "design_strategy", "behavioral pattern\design_strategy\design_strategy.vcxproj", "{458CF918-F691-49DC-912A-FE2A9C80BD70}"
EndProject
Project("{8BC9CEB8-8B4A-11D0-8D11-00A0C91BC942}") = "design_template_method", "behavioral pattern\design_template_method\design_template_method.vcxproj", "{8EB3CF72-49A0-4DC4-8DBC-580B295B464C}"
EndProject
Project("{8BC9CEB8-8B4A-11D0-8D11-00A0C91BC942}") = "design_visitor", "behavioral pattern\design_visitor\design_visitor.vcxproj", "{CA41E687-AFCE-4644-A36C-6AA28ECF1514}"
EndProject
Project("{2150E333-8FDC-42A3-9474-1A3956D46DE8}") = "system document", "system document", "{FAB3B4B2-0913-47D6-B972-E1E9B29B2CEE}"
	ProjectSection(SolutionItems) = preProject
		system document\DesignPrinciple.txt = system document\DesignPrinciple.txt
		system document\ReadMe.txt = system document\ReadMe.txt
	EndProjectSection
EndProject
Global
	GlobalSection(SolutionConfigurationPlatforms) = preSolution
		Debug|Win32 = Debug|Win32
		Release|Win32 = Release|Win32
	EndGlobalSection
	GlobalSection(ProjectConfigurationPlatforms) = postSolution
		{39FA3A71-5EBC-4492-A438-C0F9AFF7100B}.Debug|Win32.ActiveCfg = Debug|Win32
		{39FA3A71-5EBC-4492-A438-C0F9AFF7100B}.Debug|Win32.Build.0 = Debug|Win32
		{39FA3A71-5EBC-4492-A438-C0F9AFF7100B}.Release|Win32.ActiveCfg = Release|Win32
		{39FA3A71-5EBC-4492-A438-C0F9AFF7100B}.Release|Win32.Build.0 = Release|Win32
		{EC52550D-8FDE-4A45-9AE0-E43E5DB1840F}.Debug|Win32.ActiveCfg = Debug|Win32
		{EC52550D-8FDE-4A45-9AE0-E43E5DB1840F}.Debug|Win32.Build.0 = Debug|Win32
		{EC52550D-8FDE-4A45-9AE0-E43E5DB1840F}.Release|Win32.ActiveCfg = Release|Win32
		{EC52550D-8FDE-4A45-9AE0-E43E5DB1840F}.Release|Win32.Build.0 = Release|Win32
		{9A24BC14-2F53-46AA-8783-ADD8CB7A9A12}.Debug|Win32.ActiveCfg = Debug|Win32
		{9A24BC14-2F53-46AA-8783-ADD8CB7A9A12}.Debug|Win32.Build.0 = Debug|Win32
		{9A24BC14-2F53-46AA-8783-ADD8CB7A9A12}.Release|Win32.ActiveCfg = Release|Win32
		{9A24BC14-2F53-46AA-8783-ADD8CB7A9A12}.Release|Win32.Build.0 = Release|Win32
		{1A3C28CD-8355-4124-B00D-22CC7F413DFA}.Debug|Win32.ActiveCfg = Debug|Win32
		{1A3C28CD-8355-4124-B00D-22CC7F413DFA}.Debug|Win32.Build.0 = Debug|Win32
		{1A3C28CD-8355-4124-B00D-22CC7F413DFA}.Release|Win32.ActiveCfg = Release|Win32
		{1A3C28CD-8355-4124-B00D-22CC7F413DFA}.Release|Win32.Build.0 = Release|Win32
		{07D71B32-BA80-4729-A4C7-4466436646C2}.Debug|Win32.ActiveCfg = Debug|Win32
		{07D71B32-BA80-4729-A4C7-4466436646C2}.Debug|Win32.Build.0 = Debug|Win32
		{07D71B32-BA80-4729-A4C7-4466436646C2}.Release|Win32.ActiveCfg = Release|Win32
		{07D71B32-BA80-4729-A4C7-4466436646C2}.Release|Win32.Build.0 = Release|Win32
		{067E0BB8-CFF5-4973-BD57-FC788E2DFA13}.Debug|Win32.ActiveCfg = Debug|Win32
		{067E0BB8-CFF5-4973-BD57-FC788E2DFA13}.Debug|Win32.Build.0 = Debug|Win32
		{067E0BB8-CFF5-4973-BD57-FC788E2DFA13}.Release|Win32.ActiveCfg = Release|Win32
		{067E0BB8-CFF5-4973-BD57-FC788E2DFA13}.Release|Win32.Build.0 = Release|Win32
		{3ADF9BEE-3210-4EC8-AB87-A176F2743489}.Debug|Win32.ActiveCfg = Debug|Win32
		{3ADF9BEE-3210-4EC8-AB87-A176F2743489}.Debug|Win32.Build.0 = Debug|Win32
		{3ADF9BEE-3210-4EC8-AB87-A176F2743489}.Release|Win32.ActiveCfg = Release|Win32
		{3ADF9BEE-3210-4EC8-AB87-A176F2743489}.Release|Win32.Build.0 = Release|Win32
		{D6B9C593-535E-4665-8766-98C385DF81A5}.Debug|Win32.ActiveCfg = Debug|Win32
		{D6B9C593-535E-4665-8766-98C385DF81A5}.Debug|Win32.Build.0 = Debug|Win32
		{D6B9C593-535E-4665-8766-98C385DF81A5}.Release|Win32.ActiveCfg = Release|Win32
		{D6B9C593-535E-4665-8766-98C385DF81A5}.Release|Win32.Build.0 = Release|Win32
		{D2DF2654-C233-4EC6-BF79-8083E1C8F762}.Debug|Win32.ActiveCfg = Debug|Win32
		{D2DF2654-C233-4EC6-BF79-8083E1C8F762}.Debug|Win32.Build.0 = Debug|Win32
		{D2DF2654-C233-4EC6-BF79-8083E1C8F762}.Release|Win32.ActiveCfg = Release|Win32
		{D2DF2654-C233-4EC6-BF79-8083E1C8F762}.Release|Win32.Build.0 = Release|Win32
		{8F38A342-D27B-4A6F-88F5-CA33A5A088B3}.Debug|Win32.ActiveCfg = Debug|Win32
		{8F38A342-D27B-4A6F-88F5-CA33A5A088B3}.Debug|Win32.Build.0 = Debug|Win32
		{8F38A342-D27B-4A6F-88F5-CA33A5A088B3}.Release|Win32.ActiveCfg = Release|Win32
		{8F38A342-D27B-4A6F-88F5-CA33A5A088B3}.Release|Win32.Build.0 = Release|Win32
		{2A9039DE-DE93-4C35-9F57-C88BC7841BFB}.Debug|Win32.ActiveCfg = Debug|Win32
		{2A9039DE-DE93-4C35-9F57-C88BC7841BFB}.Debug|Win32.Build.0 = Debug|Win32
		{2A9039DE-DE93-4C35-9F57-C88BC7841BFB}.Release|Win32.ActiveCfg = Release|Win32
		{2A9039DE-DE93-4C35-9F57-C88BC7841BFB}.Release|Win32.Build.0 = Release|Win32
		{2362193A-B040-4DEF-94DE-5707F8BCCA32}.Debug|Win32.ActiveCfg = Debug|Win32
		{2362193A-B040-4DEF-94DE-5707F8BCCA32}.Debug|Win32.Build.0 = Debug|Win32
		{2362193A-B040-4DEF-94DE-5707F8BCCA32}.Release|Win32.ActiveCfg = Release|Win32
		{2362193A-B040-4DEF-94DE-5707F8BCCA32}.Release|Win32.Build.0 = Release|Win32
		{DEC0C519-B076-44AD-84AB-727B6ED1DA74}.Debug|Win32.ActiveCfg = Debug|Win32
		{DEC0C519-B076-44AD-84AB-727B6ED1DA74}.Debug|Win32.Build.0 = Debug|Win32
		{DEC0C519-B076-44AD-84AB-727B6ED1DA74}.Release|Win32.ActiveCfg = Release|Win32
		{DEC0C519-B076-44AD-84AB-727B6ED1DA74}.Release|Win32.Build.0 = Release|Win32
		{E0FCB86B-1E88-4B11-8E95-216C8CDC3278}.Debug|Win32.ActiveCfg = Debug|Win32
		{E0FCB86B-1E88-4B11-8E95-216C8CDC3278}.Debug|Win32.Build.0 = Debug|Win32
		{E0FCB86B-1E88-4B11-8E95-216C8CDC3278}.Release|Win32.ActiveCfg = Release|Win32
		{E0FCB86B-1E88-4B11-8E95-216C8CDC3278}.Release|Win32.Build.0 = Release|Win32
		{5898ECCC-8ED4-41C8-8322-86DD77B1B094}.Debug|Win32.ActiveCfg = Debug|Win32
		{5898ECCC-8ED4-41C8-8322-86DD77B1B094}.Debug|Win32.Build.0 = Debug|Win32
		{5898ECCC-8ED4-41C8-8322-86DD77B1B094}.Release|Win32.ActiveCfg = Release|Win32
		{5898ECCC-8ED4-41C8-8322-86DD77B1B094}.Release|Win32.Build.0 = Release|Win32
		{54B1B1C9-BBE2-43C2-A9AE-466D082A6E3A}.Debug|Win32.ActiveCfg = Debug|Win32
		{54B1B1C9-BBE2-43C2-A9AE-466D082A6E3A}.Debug|Win32.Build.0 = Debug|Win32
		{54B1B1C9-BBE2-43C2-A9AE-466D082A6E3A}.Release|Win32.ActiveCfg = Release|Win32
		{54B1B1C9-BBE2-43C2-A9AE-466D082A6E3A}.Release|Win32.Build.0 = Release|Win32
		{D2E59105-26C2-4310-904E-8D12FBB3626C}.Debug|Win32.ActiveCfg = Debug|Win32
		{D2E59105-26C2-4310-904E-8D12FBB3626C}.Debug|Win32.Build.0 = Debug|Win32
		{D2E59105-26C2-4310-904E-8D12FBB3626C}.Release|Win32.ActiveCfg = Release|Win32
		{D2E59105-26C2-4310-904E-8D12FBB3626C}.Release|Win32.Build.0 = Release|Win32
		{6365017B-112F-43AC-A829-31E9403A7189}.Debug|Win32.ActiveCfg = Debug|Win32
		{6365017B-112F-43AC-A829-31E9403A7189}.Debug|Win32.Build.0 = Debug|Win32
		{6365017B-112F-43AC-A829-31E9403A7189}.Release|Win32.ActiveCfg = Release|Win32
		{6365017B-112F-43AC-A829-31E9403A7189}.Release|Win32.Build.0 = Release|Win32
		{D209DAE1-0D3F-41CF-975C-D5C422FD3FDB}.Debug|Win32.ActiveCfg = Debug|Win32
		{D209DAE1-0D3F-41CF-975C-D5C422FD3FDB}.Debug|Win32.Build.0 = Debug|Win32
		{D209DAE1-0D3F-41CF-975C-D5C422FD3FDB}.Release|Win32.ActiveCfg = Release|Win32
		{D209DAE1-0D3F-41CF-975C-D5C422FD3FDB}.Release|Win32.Build.0 = Release|Win32
		{4D0F1017-3BC9-4B79-A994-25F5D0269B1A}.Debug|Win32.ActiveCfg = Debug|Win32
		{4D0F1017-3BC9-4B79-A994-25F5D0269B1A}.Debug|Win32.Build.0 = Debug|Win32
		{4D0F1017-3BC9-4B79-A994-25F5D0269B1A}.Release|Win32.ActiveCfg = Release|Win32
		{4D0F1017-3BC9-4B79-A994-25F5D0269B1A}.Release|Win32.Build.0 = Release|Win32
		{724F4242-7F26-4D93-94D6-5D806EAF038A}.Debug|Win32.ActiveCfg = Debug|Win32
		{724F4242-7F26-4D93-94D6-5D806EAF038A}.Debug|Win32.Build.0 = Debug|Win32
		{724F4242-7F26-4D93-94D6-5D806EAF038A}.Release|Win32.ActiveCfg = Release|Win32
		{724F4242-7F26-4D93-94D6-5D806EAF038A}.Release|Win32.Build.0 = Release|Win32
		{458CF918-F691-49DC-912A-FE2A9C80BD70}.Debug|Win32.ActiveCfg = Debug|Win32
		{458CF918-F691-49DC-912A-FE2A9C80BD70}.Debug|Win32.Build.0 = Debug|Win32
		{458CF918-F691-49DC-912A-FE2A9C80BD70}.Release|Win32.ActiveCfg = Release|Win32
		{458CF918-F691-49DC-912A-FE2A9C80BD70}.Release|Win32.Build.0 = Release|Win32
		{8EB3CF72-49A0-4DC4-8DBC-580B295B464C}.Debug|Win32.ActiveCfg = Debug|Win32
		{8EB3CF72-49A0-4DC4-8DBC-580B295B464C}.Debug|Win32.Build.0 = Debug|Win32
		{8EB3CF72-49A0-4DC4-8DBC-580B295B464C}.Release|Win32.ActiveCfg = Release|Win32
		{8EB3CF72-49A0-4DC4-8DBC-580B295B464C}.Release|Win32.Build.0 = Release|Win32
		{CA41E687-AFCE-4644-A36C-6AA28ECF1514}.Debug|Win32.ActiveCfg = Debug|Win32
		{CA41E687-AFCE-4644-A36C-6AA28ECF1514}.Debug|Win32.Build.0 = Debug|Win32
		{CA41E687-AFCE-4644-A36C-6AA28ECF1514}.Release|Win32.ActiveCfg = Release|Win32
		{CA41E687-AFCE-4644-A36C-6AA28ECF1514}.Release|Win32.Build.0 = Release|Win32
	EndGlobalSection
	GlobalSection(SolutionProperties) = preSolution
		HideSolutionNode = FALSE
	EndGlobalSection
	GlobalSection(NestedProjects) = preSolution
		{39FA3A71-5EBC-4492-A438-C0F9AFF7100B} = {DB1BE86A-ACAB-4DF6-9BF0-CAFB2F8F413E}
		{EC52550D-8FDE-4A45-9AE0-E43E5DB1840F} = {DB1BE86A-ACAB-4DF6-9BF0-CAFB2F8F413E}
		{9A24BC14-2F53-46AA-8783-ADD8CB7A9A12} = {DB1BE86A-ACAB-4DF6-9BF0-CAFB2F8F413E}
		{1A3C28CD-8355-4124-B00D-22CC7F413DFA} = {DB1BE86A-ACAB-4DF6-9BF0-CAFB2F8F413E}
		{07D71B32-BA80-4729-A4C7-4466436646C2} = {DB1BE86A-ACAB-4DF6-9BF0-CAFB2F8F413E}
		{067E0BB8-CFF5-4973-BD57-FC788E2DFA13} = {DB1BE86A-ACAB-4DF6-9BF0-CAFB2F8F413E}
		{3ADF9BEE-3210-4EC8-AB87-A176F2743489} = {DB1BE86A-ACAB-4DF6-9BF0-CAFB2F8F413E}
		{E0FCB86B-1E88-4B11-8E95-216C8CDC3278} = {3BBC942E-2909-4C41-B8B2-D09CFDF47CC6}
		{5898ECCC-8ED4-41C8-8322-86DD77B1B094} = {3BBC942E-2909-4C41-B8B2-D09CFDF47CC6}
		{54B1B1C9-BBE2-43C2-A9AE-466D082A6E3A} = {3BBC942E-2909-4C41-B8B2-D09CFDF47CC6}
		{D2E59105-26C2-4310-904E-8D12FBB3626C} = {3BBC942E-2909-4C41-B8B2-D09CFDF47CC6}
		{6365017B-112F-43AC-A829-31E9403A7189} = {3BBC942E-2909-4C41-B8B2-D09CFDF47CC6}
		{D209DAE1-0D3F-41CF-975C-D5C422FD3FDB} = {3BBC942E-2909-4C41-B8B2-D09CFDF47CC6}
		{4D0F1017-3BC9-4B79-A994-25F5D0269B1A} = {3BBC942E-2909-4C41-B8B2-D09CFDF47CC6}
		{724F4242-7F26-4D93-94D6-5D806EAF038A} = {3BBC942E-2909-4C41-B8B2-D09CFDF47CC6}
		{458CF918-F691-49DC-912A-FE2A9C80BD70} = {3BBC942E-2909-4C41-B8B2-D09CFDF47CC6}
		{8EB3CF72-49A0-4DC4-8DBC-580B295B464C} = {3BBC942E-2909-4C41-B8B2-D09CFDF47CC6}
		{CA41E687-AFCE-4644-A36C-6AA28ECF1514} = {3BBC942E-2909-4C41-B8B2-D09CFDF47CC6}
		{D6B9C593-535E-4665-8766-98C385DF81A5} = {B9171FE0-3CAA-47C5-901C-074D0B7BCA22}
		{D2DF2654-C233-4EC6-BF79-8083E1C8F762} = {B9171FE0-3CAA-47C5-901C-074D0B7BCA22}
		{8F38A342-D27B-4A6F-88F5-CA33A5A088B3} = {B9171FE0-3CAA-47C5-901C-074D0B7BCA22}
		{2A9039DE-DE93-4C35-9F57-C88BC7841BFB} = {B9171FE0-3CAA-47C5-901C-074D0B7BCA22}
		{2362193A-B040-4DEF-94DE-5707F8BCCA32} = {B9171FE0-3CAA-47C5-901C-074D0B7BCA22}
		{DEC0C519-B076-44AD-84AB-727B6ED1DA74} = {B9171FE0-3CAA-47C5-901C-074D0B7BCA22}
	EndGlobalSection
EndGlobal
